// !$*UTF8*$!
{
	archiveVersion = 1;
	classes = {
	};
	objectVersion = 52;
	objects = {

/* Begin PBXBuildFile section */
		BE9FE64C25D8E6E6001A8E55 /* PromiseKit in Frameworks */ = {isa = PBXBuildFile; productRef = BE9FE64B25D8E6E6001A8E55 /* PromiseKit */; };
		DE0DC1C82228C41900B2958B /* README.md in Resources */ = {isa = PBXBuildFile; fileRef = DE0DC1C72228C41900B2958B /* README.md */; };
		DE2A440A2216A5BD00474C3D /* PromiseKit.framework in CopyFiles */ = {isa = PBXBuildFile; fileRef = DE50E56222166AF20059FB31 /* PromiseKit.framework */; settings = {ATTRIBUTES = (CodeSignOnCopy, RemoveHeadersOnCopy, ); }; };
		DE2A440D2216A9F100474C3D /* AnyReadableRepositoryTests.swift in Sources */ = {isa = PBXBuildFile; fileRef = DE2A440C2216A9F100474C3D /* AnyReadableRepositoryTests.swift */; };
		DE2A440F2216AD0400474C3D /* AnyRepositoryRWTests.swift in Sources */ = {isa = PBXBuildFile; fileRef = DE2A440E2216AD0400474C3D /* AnyRepositoryRWTests.swift */; };
		DE2A44112216BA9900474C3D /* KeyObject.swift in Sources */ = {isa = PBXBuildFile; fileRef = DE2A44102216BA9900474C3D /* KeyObject.swift */; };
		DE50E557221651980059FB31 /* StringTests.swift in Sources */ = {isa = PBXBuildFile; fileRef = DE50E556221651980059FB31 /* StringTests.swift */; };
		DE50E5592216528F0059FB31 /* TimeZoneTests.swift in Sources */ = {isa = PBXBuildFile; fileRef = DE50E5582216528F0059FB31 /* TimeZoneTests.swift */; };
		DE50E55B221654570059FB31 /* URLComponentsTests.swift in Sources */ = {isa = PBXBuildFile; fileRef = DE50E55A221654570059FB31 /* URLComponentsTests.swift */; };
		DE50E55D22165B290059FB31 /* UIColor+initializerTests.swift in Sources */ = {isa = PBXBuildFile; fileRef = DE50E55C22165B290059FB31 /* UIColor+initializerTests.swift */; };
		DE50E55F221660070059FB31 /* Storyboardable.swift in Sources */ = {isa = PBXBuildFile; fileRef = DE50E55E221660070059FB31 /* Storyboardable.swift */; };
		DE50E56322166AF20059FB31 /* PromiseKit.framework in Frameworks */ = {isa = PBXBuildFile; fileRef = DE50E56222166AF20059FB31 /* PromiseKit.framework */; };
		DE50E56A22168E680059FB31 /* ReadableRepository.swift in Sources */ = {isa = PBXBuildFile; fileRef = DE50E56922168E680059FB31 /* ReadableRepository.swift */; };
		DE50E56C22168F050059FB31 /* AnyReadableRepository.swift in Sources */ = {isa = PBXBuildFile; fileRef = DE50E56B22168F050059FB31 /* AnyReadableRepository.swift */; };
		DE50E56E22168F290059FB31 /* AnyRepositoryRW.swift in Sources */ = {isa = PBXBuildFile; fileRef = DE50E56D22168F290059FB31 /* AnyRepositoryRW.swift */; };
		DE50E57022168F650059FB31 /* AnyRepositoryRE.swift in Sources */ = {isa = PBXBuildFile; fileRef = DE50E56F22168F650059FB31 /* AnyRepositoryRE.swift */; };
		DE50E57222168F8E0059FB31 /* AnyRepositoryREW.swift in Sources */ = {isa = PBXBuildFile; fileRef = DE50E57122168F8E0059FB31 /* AnyRepositoryREW.swift */; };
		DE50E57422168FF10059FB31 /* WritableRepository.swift in Sources */ = {isa = PBXBuildFile; fileRef = DE50E57322168FF10059FB31 /* WritableRepository.swift */; };
		DE50E5762216900D0059FB31 /* EditableRepository.swift in Sources */ = {isa = PBXBuildFile; fileRef = DE50E5752216900D0059FB31 /* EditableRepository.swift */; };
		DE50E5782216A2D90059FB31 /* PromiseKit.framework in Frameworks */ = {isa = PBXBuildFile; fileRef = DE50E56222166AF20059FB31 /* PromiseKit.framework */; };
		DE79466A221A476E009AD45D /* AnyRepositoryRETests.swift in Sources */ = {isa = PBXBuildFile; fileRef = DE794669221A476E009AD45D /* AnyRepositoryRETests.swift */; };
		DE79466C221A51D2009AD45D /* AnyRepositoryREWTests.swift in Sources */ = {isa = PBXBuildFile; fileRef = DE79466B221A51D2009AD45D /* AnyRepositoryREWTests.swift */; };
		DE79466E221A5540009AD45D /* RepositoryError.swift in Sources */ = {isa = PBXBuildFile; fileRef = DE79466D221A5540009AD45D /* RepositoryError.swift */; };
		DE90D27B22150261006F6552 /* Sequence+EquatableTests.swift in Sources */ = {isa = PBXBuildFile; fileRef = DE90D27A22150261006F6552 /* Sequence+EquatableTests.swift */; };
		DE90D27D2215044D006F6552 /* Array+EqutableTests.swift in Sources */ = {isa = PBXBuildFile; fileRef = DE90D27C2215044D006F6552 /* Array+EqutableTests.swift */; };
		DE90D27F22150F48006F6552 /* DateFormatterTests.swift in Sources */ = {isa = PBXBuildFile; fileRef = DE90D27E22150F48006F6552 /* DateFormatterTests.swift */; };
		DE90D2812215281E006F6552 /* EitherTests.swift in Sources */ = {isa = PBXBuildFile; fileRef = DE90D2802215281E006F6552 /* EitherTests.swift */; };
		DE90D28322152987006F6552 /* JSONDecoder+StringTests.swift in Sources */ = {isa = PBXBuildFile; fileRef = DE90D28222152987006F6552 /* JSONDecoder+StringTests.swift */; };
		DE90D28522152C24006F6552 /* LocaleTests.swift in Sources */ = {isa = PBXBuildFile; fileRef = DE90D28422152C24006F6552 /* LocaleTests.swift */; };
		DE90D28722152CF4006F6552 /* CalendarTests.swift in Sources */ = {isa = PBXBuildFile; fileRef = DE90D28622152CF4006F6552 /* CalendarTests.swift */; };
		DE90D28922152D68006F6552 /* NSObject+ClassNameTests.swift in Sources */ = {isa = PBXBuildFile; fileRef = DE90D28822152D68006F6552 /* NSObject+ClassNameTests.swift */; };
		DE90D28B22152EC2006F6552 /* NumberFormatter+NumberStyleTests.swift in Sources */ = {isa = PBXBuildFile; fileRef = DE90D28A22152EC2006F6552 /* NumberFormatter+NumberStyleTests.swift */; };
		DE90D28D2215334A006F6552 /* Sequence+DecodableTests.swift in Sources */ = {isa = PBXBuildFile; fileRef = DE90D28C2215334A006F6552 /* Sequence+DecodableTests.swift */; };
		DE9DFD332213B0BB00A94968 /* i3designKit.framework in Frameworks */ = {isa = PBXBuildFile; fileRef = DE9DFD292213B0BB00A94968 /* i3designKit.framework */; };
		DE9DFD3A2213B0BC00A94968 /* i3designKit.h in Headers */ = {isa = PBXBuildFile; fileRef = DE9DFD2C2213B0BB00A94968 /* i3designKit.h */; settings = {ATTRIBUTES = (Public, ); }; };
		DE9DFD552213B10400A94968 /* TimeZone.swift in Sources */ = {isa = PBXBuildFile; fileRef = DE9DFD432213B10300A94968 /* TimeZone.swift */; };
		DE9DFD562213B10400A94968 /* UIImage.swift in Sources */ = {isa = PBXBuildFile; fileRef = DE9DFD442213B10300A94968 /* UIImage.swift */; };
		DE9DFD572213B10400A94968 /* Injectable.swift in Sources */ = {isa = PBXBuildFile; fileRef = DE9DFD452213B10300A94968 /* Injectable.swift */; };
		DE9DFD582213B10400A94968 /* DateFormatter.swift in Sources */ = {isa = PBXBuildFile; fileRef = DE9DFD462213B10300A94968 /* DateFormatter.swift */; };
		DE9DFD592213B10400A94968 /* Either.swift in Sources */ = {isa = PBXBuildFile; fileRef = DE9DFD472213B10300A94968 /* Either.swift */; };
		DE9DFD5A2213B10400A94968 /* NumberFormatter+NumberStyle.swift in Sources */ = {isa = PBXBuildFile; fileRef = DE9DFD482213B10300A94968 /* NumberFormatter+NumberStyle.swift */; };
		DE9DFD5B2213B10400A94968 /* Array+Equtable.swift in Sources */ = {isa = PBXBuildFile; fileRef = DE9DFD492213B10300A94968 /* Array+Equtable.swift */; };
		DE9DFD5C2213B10400A94968 /* UIApplication+URLScheme.swift in Sources */ = {isa = PBXBuildFile; fileRef = DE9DFD4A2213B10300A94968 /* UIApplication+URLScheme.swift */; };
		DE9DFD5D2213B10400A94968 /* UIColor.swift in Sources */ = {isa = PBXBuildFile; fileRef = DE9DFD4B2213B10300A94968 /* UIColor.swift */; };
		DE9DFD5E2213B10400A94968 /* URLComponents.swift in Sources */ = {isa = PBXBuildFile; fileRef = DE9DFD4C2213B10300A94968 /* URLComponents.swift */; };
		DE9DFD5F2213B10400A94968 /* String.swift in Sources */ = {isa = PBXBuildFile; fileRef = DE9DFD4D2213B10300A94968 /* String.swift */; };
		DE9DFD602213B10400A94968 /* Calendar.swift in Sources */ = {isa = PBXBuildFile; fileRef = DE9DFD4E2213B10400A94968 /* Calendar.swift */; };
		DE9DFD612213B10400A94968 /* Sequence+Decodable.swift in Sources */ = {isa = PBXBuildFile; fileRef = DE9DFD4F2213B10400A94968 /* Sequence+Decodable.swift */; };
		DE9DFD622213B10400A94968 /* NSObject+ClassName.swift in Sources */ = {isa = PBXBuildFile; fileRef = DE9DFD502213B10400A94968 /* NSObject+ClassName.swift */; };
		DE9DFD632213B10400A94968 /* XibView.swift in Sources */ = {isa = PBXBuildFile; fileRef = DE9DFD512213B10400A94968 /* XibView.swift */; };
		DE9DFD642213B10400A94968 /* Sequence+Equatable.swift in Sources */ = {isa = PBXBuildFile; fileRef = DE9DFD522213B10400A94968 /* Sequence+Equatable.swift */; };
		DE9DFD652213B10400A94968 /* JSONDecoder+String.swift in Sources */ = {isa = PBXBuildFile; fileRef = DE9DFD532213B10400A94968 /* JSONDecoder+String.swift */; };
		DE9DFD662213B10400A94968 /* Locale.swift in Sources */ = {isa = PBXBuildFile; fileRef = DE9DFD542213B10400A94968 /* Locale.swift */; };
		DEED417222F165EC002819F3 /* UICollectionView.swift in Sources */ = {isa = PBXBuildFile; fileRef = DEED417122F165EC002819F3 /* UICollectionView.swift */; };
		DEED417422F16670002819F3 /* UITableView.swift in Sources */ = {isa = PBXBuildFile; fileRef = DEED417322F16670002819F3 /* UITableView.swift */; };
		DEED417622F171FD002819F3 /* Readable.swift in Sources */ = {isa = PBXBuildFile; fileRef = DEED417522F171FD002819F3 /* Readable.swift */; };
		DEED417822F17291002819F3 /* AnyReadableTests.swift in Sources */ = {isa = PBXBuildFile; fileRef = DEED417722F17291002819F3 /* AnyReadableTests.swift */; };
		DEED417A22F17FAD002819F3 /* AnySettableTests.swift in Sources */ = {isa = PBXBuildFile; fileRef = DEED417922F17FAD002819F3 /* AnySettableTests.swift */; };
		DEED417C22F17FE4002819F3 /* Settable.swift in Sources */ = {isa = PBXBuildFile; fileRef = DEED417B22F17FE4002819F3 /* Settable.swift */; };
		DEED417E22F185EE002819F3 /* Deletable.swift in Sources */ = {isa = PBXBuildFile; fileRef = DEED417D22F185EE002819F3 /* Deletable.swift */; };
		DEED418022F187F5002819F3 /* AnyDeletableTests.swift in Sources */ = {isa = PBXBuildFile; fileRef = DEED417F22F187F5002819F3 /* AnyDeletableTests.swift */; };
/* End PBXBuildFile section */

/* Begin PBXContainerItemProxy section */
		DE9DFD342213B0BB00A94968 /* PBXContainerItemProxy */ = {
			isa = PBXContainerItemProxy;
			containerPortal = DE9DFD202213B0BB00A94968 /* Project object */;
			proxyType = 1;
			remoteGlobalIDString = DE9DFD282213B0BB00A94968;
			remoteInfo = i3DesignKit;
		};
/* End PBXContainerItemProxy section */

/* Begin PBXCopyFilesBuildPhase section */
		DE2A44092216A5B300474C3D /* CopyFiles */ = {
			isa = PBXCopyFilesBuildPhase;
			buildActionMask = 2147483647;
			dstPath = "";
			dstSubfolderSpec = 10;
			files = (
				DE2A440A2216A5BD00474C3D /* PromiseKit.framework in CopyFiles */,
			);
			runOnlyForDeploymentPostprocessing = 0;
		};
/* End PBXCopyFilesBuildPhase section */

/* Begin PBXFileReference section */
		DE0DC1C72228C41900B2958B /* README.md */ = {isa = PBXFileReference; fileEncoding = 4; lastKnownFileType = net.daringfireball.markdown; path = README.md; sourceTree = "<group>"; };
		DE2A440C2216A9F100474C3D /* AnyReadableRepositoryTests.swift */ = {isa = PBXFileReference; lastKnownFileType = sourcecode.swift; path = AnyReadableRepositoryTests.swift; sourceTree = "<group>"; };
		DE2A440E2216AD0400474C3D /* AnyRepositoryRWTests.swift */ = {isa = PBXFileReference; lastKnownFileType = sourcecode.swift; path = AnyRepositoryRWTests.swift; sourceTree = "<group>"; };
		DE2A44102216BA9900474C3D /* KeyObject.swift */ = {isa = PBXFileReference; lastKnownFileType = sourcecode.swift; path = KeyObject.swift; sourceTree = "<group>"; };
		DE50E556221651980059FB31 /* StringTests.swift */ = {isa = PBXFileReference; lastKnownFileType = sourcecode.swift; path = StringTests.swift; sourceTree = "<group>"; };
		DE50E5582216528F0059FB31 /* TimeZoneTests.swift */ = {isa = PBXFileReference; lastKnownFileType = sourcecode.swift; path = TimeZoneTests.swift; sourceTree = "<group>"; };
		DE50E55A221654570059FB31 /* URLComponentsTests.swift */ = {isa = PBXFileReference; lastKnownFileType = sourcecode.swift; path = URLComponentsTests.swift; sourceTree = "<group>"; };
		DE50E55C22165B290059FB31 /* UIColor+initializerTests.swift */ = {isa = PBXFileReference; lastKnownFileType = sourcecode.swift; path = "UIColor+initializerTests.swift"; sourceTree = "<group>"; };
		DE50E55E221660070059FB31 /* Storyboardable.swift */ = {isa = PBXFileReference; lastKnownFileType = sourcecode.swift; path = Storyboardable.swift; sourceTree = "<group>"; };
		DE50E56222166AF20059FB31 /* PromiseKit.framework */ = {isa = PBXFileReference; lastKnownFileType = wrapper.framework; name = PromiseKit.framework; path = Carthage/Build/iOS/PromiseKit.framework; sourceTree = "<group>"; };
		DE50E56922168E680059FB31 /* ReadableRepository.swift */ = {isa = PBXFileReference; lastKnownFileType = sourcecode.swift; path = ReadableRepository.swift; sourceTree = "<group>"; };
		DE50E56B22168F050059FB31 /* AnyReadableRepository.swift */ = {isa = PBXFileReference; lastKnownFileType = sourcecode.swift; path = AnyReadableRepository.swift; sourceTree = "<group>"; };
		DE50E56D22168F290059FB31 /* AnyRepositoryRW.swift */ = {isa = PBXFileReference; lastKnownFileType = sourcecode.swift; path = AnyRepositoryRW.swift; sourceTree = "<group>"; };
		DE50E56F22168F650059FB31 /* AnyRepositoryRE.swift */ = {isa = PBXFileReference; lastKnownFileType = sourcecode.swift; path = AnyRepositoryRE.swift; sourceTree = "<group>"; };
		DE50E57122168F8E0059FB31 /* AnyRepositoryREW.swift */ = {isa = PBXFileReference; lastKnownFileType = sourcecode.swift; path = AnyRepositoryREW.swift; sourceTree = "<group>"; };
		DE50E57322168FF10059FB31 /* WritableRepository.swift */ = {isa = PBXFileReference; lastKnownFileType = sourcecode.swift; path = WritableRepository.swift; sourceTree = "<group>"; };
		DE50E5752216900D0059FB31 /* EditableRepository.swift */ = {isa = PBXFileReference; lastKnownFileType = sourcecode.swift; path = EditableRepository.swift; sourceTree = "<group>"; };
		DE794669221A476E009AD45D /* AnyRepositoryRETests.swift */ = {isa = PBXFileReference; lastKnownFileType = sourcecode.swift; path = AnyRepositoryRETests.swift; sourceTree = "<group>"; };
		DE79466B221A51D2009AD45D /* AnyRepositoryREWTests.swift */ = {isa = PBXFileReference; lastKnownFileType = sourcecode.swift; path = AnyRepositoryREWTests.swift; sourceTree = "<group>"; };
		DE79466D221A5540009AD45D /* RepositoryError.swift */ = {isa = PBXFileReference; lastKnownFileType = sourcecode.swift; path = RepositoryError.swift; sourceTree = "<group>"; };
		DE90D27A22150261006F6552 /* Sequence+EquatableTests.swift */ = {isa = PBXFileReference; lastKnownFileType = sourcecode.swift; path = "Sequence+EquatableTests.swift"; sourceTree = "<group>"; };
		DE90D27C2215044D006F6552 /* Array+EqutableTests.swift */ = {isa = PBXFileReference; lastKnownFileType = sourcecode.swift; path = "Array+EqutableTests.swift"; sourceTree = "<group>"; };
		DE90D27E22150F48006F6552 /* DateFormatterTests.swift */ = {isa = PBXFileReference; lastKnownFileType = sourcecode.swift; path = DateFormatterTests.swift; sourceTree = "<group>"; };
		DE90D2802215281E006F6552 /* EitherTests.swift */ = {isa = PBXFileReference; lastKnownFileType = sourcecode.swift; path = EitherTests.swift; sourceTree = "<group>"; };
		DE90D28222152987006F6552 /* JSONDecoder+StringTests.swift */ = {isa = PBXFileReference; lastKnownFileType = sourcecode.swift; path = "JSONDecoder+StringTests.swift"; sourceTree = "<group>"; };
		DE90D28422152C24006F6552 /* LocaleTests.swift */ = {isa = PBXFileReference; lastKnownFileType = sourcecode.swift; path = LocaleTests.swift; sourceTree = "<group>"; };
		DE90D28622152CF4006F6552 /* CalendarTests.swift */ = {isa = PBXFileReference; lastKnownFileType = sourcecode.swift; path = CalendarTests.swift; sourceTree = "<group>"; };
		DE90D28822152D68006F6552 /* NSObject+ClassNameTests.swift */ = {isa = PBXFileReference; lastKnownFileType = sourcecode.swift; path = "NSObject+ClassNameTests.swift"; sourceTree = "<group>"; };
		DE90D28A22152EC2006F6552 /* NumberFormatter+NumberStyleTests.swift */ = {isa = PBXFileReference; lastKnownFileType = sourcecode.swift; path = "NumberFormatter+NumberStyleTests.swift"; sourceTree = "<group>"; };
		DE90D28C2215334A006F6552 /* Sequence+DecodableTests.swift */ = {isa = PBXFileReference; lastKnownFileType = sourcecode.swift; path = "Sequence+DecodableTests.swift"; sourceTree = "<group>"; };
		DE9DFD292213B0BB00A94968 /* i3designKit.framework */ = {isa = PBXFileReference; explicitFileType = wrapper.framework; includeInIndex = 0; path = i3designKit.framework; sourceTree = BUILT_PRODUCTS_DIR; };
		DE9DFD2C2213B0BB00A94968 /* i3designKit.h */ = {isa = PBXFileReference; lastKnownFileType = sourcecode.c.h; path = i3designKit.h; sourceTree = "<group>"; };
		DE9DFD2D2213B0BB00A94968 /* Info.plist */ = {isa = PBXFileReference; lastKnownFileType = text.plist.xml; path = Info.plist; sourceTree = "<group>"; };
		DE9DFD322213B0BB00A94968 /* i3designKitTests.xctest */ = {isa = PBXFileReference; explicitFileType = wrapper.cfbundle; includeInIndex = 0; path = i3designKitTests.xctest; sourceTree = BUILT_PRODUCTS_DIR; };
		DE9DFD392213B0BC00A94968 /* Info.plist */ = {isa = PBXFileReference; lastKnownFileType = text.plist.xml; path = Info.plist; sourceTree = "<group>"; };
		DE9DFD432213B10300A94968 /* TimeZone.swift */ = {isa = PBXFileReference; fileEncoding = 4; lastKnownFileType = sourcecode.swift; path = TimeZone.swift; sourceTree = "<group>"; };
		DE9DFD442213B10300A94968 /* UIImage.swift */ = {isa = PBXFileReference; fileEncoding = 4; lastKnownFileType = sourcecode.swift; path = UIImage.swift; sourceTree = "<group>"; };
		DE9DFD452213B10300A94968 /* Injectable.swift */ = {isa = PBXFileReference; fileEncoding = 4; lastKnownFileType = sourcecode.swift; path = Injectable.swift; sourceTree = "<group>"; };
		DE9DFD462213B10300A94968 /* DateFormatter.swift */ = {isa = PBXFileReference; fileEncoding = 4; lastKnownFileType = sourcecode.swift; path = DateFormatter.swift; sourceTree = "<group>"; };
		DE9DFD472213B10300A94968 /* Either.swift */ = {isa = PBXFileReference; fileEncoding = 4; lastKnownFileType = sourcecode.swift; path = Either.swift; sourceTree = "<group>"; };
		DE9DFD482213B10300A94968 /* NumberFormatter+NumberStyle.swift */ = {isa = PBXFileReference; fileEncoding = 4; lastKnownFileType = sourcecode.swift; path = "NumberFormatter+NumberStyle.swift"; sourceTree = "<group>"; };
		DE9DFD492213B10300A94968 /* Array+Equtable.swift */ = {isa = PBXFileReference; fileEncoding = 4; lastKnownFileType = sourcecode.swift; path = "Array+Equtable.swift"; sourceTree = "<group>"; };
		DE9DFD4A2213B10300A94968 /* UIApplication+URLScheme.swift */ = {isa = PBXFileReference; fileEncoding = 4; lastKnownFileType = sourcecode.swift; path = "UIApplication+URLScheme.swift"; sourceTree = "<group>"; };
		DE9DFD4B2213B10300A94968 /* UIColor.swift */ = {isa = PBXFileReference; fileEncoding = 4; lastKnownFileType = sourcecode.swift; path = UIColor.swift; sourceTree = "<group>"; };
		DE9DFD4C2213B10300A94968 /* URLComponents.swift */ = {isa = PBXFileReference; fileEncoding = 4; lastKnownFileType = sourcecode.swift; path = URLComponents.swift; sourceTree = "<group>"; };
		DE9DFD4D2213B10300A94968 /* String.swift */ = {isa = PBXFileReference; fileEncoding = 4; lastKnownFileType = sourcecode.swift; path = String.swift; sourceTree = "<group>"; };
		DE9DFD4E2213B10400A94968 /* Calendar.swift */ = {isa = PBXFileReference; fileEncoding = 4; lastKnownFileType = sourcecode.swift; path = Calendar.swift; sourceTree = "<group>"; };
		DE9DFD4F2213B10400A94968 /* Sequence+Decodable.swift */ = {isa = PBXFileReference; fileEncoding = 4; lastKnownFileType = sourcecode.swift; path = "Sequence+Decodable.swift"; sourceTree = "<group>"; };
		DE9DFD502213B10400A94968 /* NSObject+ClassName.swift */ = {isa = PBXFileReference; fileEncoding = 4; lastKnownFileType = sourcecode.swift; path = "NSObject+ClassName.swift"; sourceTree = "<group>"; };
		DE9DFD512213B10400A94968 /* XibView.swift */ = {isa = PBXFileReference; fileEncoding = 4; lastKnownFileType = sourcecode.swift; path = XibView.swift; sourceTree = "<group>"; };
		DE9DFD522213B10400A94968 /* Sequence+Equatable.swift */ = {isa = PBXFileReference; fileEncoding = 4; lastKnownFileType = sourcecode.swift; path = "Sequence+Equatable.swift"; sourceTree = "<group>"; };
		DE9DFD532213B10400A94968 /* JSONDecoder+String.swift */ = {isa = PBXFileReference; fileEncoding = 4; lastKnownFileType = sourcecode.swift; path = "JSONDecoder+String.swift"; sourceTree = "<group>"; };
		DE9DFD542213B10400A94968 /* Locale.swift */ = {isa = PBXFileReference; fileEncoding = 4; lastKnownFileType = sourcecode.swift; path = Locale.swift; sourceTree = "<group>"; };
		DEED417122F165EC002819F3 /* UICollectionView.swift */ = {isa = PBXFileReference; lastKnownFileType = sourcecode.swift; path = UICollectionView.swift; sourceTree = "<group>"; };
		DEED417322F16670002819F3 /* UITableView.swift */ = {isa = PBXFileReference; lastKnownFileType = sourcecode.swift; path = UITableView.swift; sourceTree = "<group>"; };
		DEED417522F171FD002819F3 /* Readable.swift */ = {isa = PBXFileReference; lastKnownFileType = sourcecode.swift; path = Readable.swift; sourceTree = "<group>"; };
		DEED417722F17291002819F3 /* AnyReadableTests.swift */ = {isa = PBXFileReference; lastKnownFileType = sourcecode.swift; path = AnyReadableTests.swift; sourceTree = "<group>"; };
		DEED417922F17FAD002819F3 /* AnySettableTests.swift */ = {isa = PBXFileReference; lastKnownFileType = sourcecode.swift; path = AnySettableTests.swift; sourceTree = "<group>"; };
		DEED417B22F17FE4002819F3 /* Settable.swift */ = {isa = PBXFileReference; lastKnownFileType = sourcecode.swift; path = Settable.swift; sourceTree = "<group>"; };
		DEED417D22F185EE002819F3 /* Deletable.swift */ = {isa = PBXFileReference; lastKnownFileType = sourcecode.swift; path = Deletable.swift; sourceTree = "<group>"; };
		DEED417F22F187F5002819F3 /* AnyDeletableTests.swift */ = {isa = PBXFileReference; lastKnownFileType = sourcecode.swift; name = AnyDeletableTests.swift; path = i3designKitTests/AnyDeletableTests.swift; sourceTree = SOURCE_ROOT; };
/* End PBXFileReference section */

/* Begin PBXFrameworksBuildPhase section */
		DE9DFD262213B0BB00A94968 /* Frameworks */ = {
			isa = PBXFrameworksBuildPhase;
			buildActionMask = 2147483647;
			files = (
				DE50E56322166AF20059FB31 /* PromiseKit.framework in Frameworks */,
				BE9FE64C25D8E6E6001A8E55 /* PromiseKit in Frameworks */,
			);
			runOnlyForDeploymentPostprocessing = 0;
		};
		DE9DFD2F2213B0BB00A94968 /* Frameworks */ = {
			isa = PBXFrameworksBuildPhase;
			buildActionMask = 2147483647;
			files = (
				DE50E5782216A2D90059FB31 /* PromiseKit.framework in Frameworks */,
				DE9DFD332213B0BB00A94968 /* i3designKit.framework in Frameworks */,
			);
			runOnlyForDeploymentPostprocessing = 0;
		};
/* End PBXFrameworksBuildPhase section */

/* Begin PBXGroup section */
		DE2A440B2216A9E000474C3D /* protocol */ = {
			isa = PBXGroup;
			children = (
				DEED417F22F187F5002819F3 /* AnyDeletableTests.swift */,
				DE2A440C2216A9F100474C3D /* AnyReadableRepositoryTests.swift */,
				DEED417722F17291002819F3 /* AnyReadableTests.swift */,
				DE794669221A476E009AD45D /* AnyRepositoryRETests.swift */,
				DE79466B221A51D2009AD45D /* AnyRepositoryREWTests.swift */,
				DE2A440E2216AD0400474C3D /* AnyRepositoryRWTests.swift */,
				DEED417922F17FAD002819F3 /* AnySettableTests.swift */,
				DE2A44102216BA9900474C3D /* KeyObject.swift */,
			);
			path = protocol;
			sourceTree = "<group>";
		};
		DE50E56122166AF10059FB31 /* Frameworks */ = {
			isa = PBXGroup;
			children = (
				DE50E56222166AF20059FB31 /* PromiseKit.framework */,
			);
			name = Frameworks;
			sourceTree = "<group>";
		};
		DE50E56422168D1B0059FB31 /* protocol */ = {
			isa = PBXGroup;
			children = (
				DE50E56B22168F050059FB31 /* AnyReadableRepository.swift */,
				DE50E56F22168F650059FB31 /* AnyRepositoryRE.swift */,
				DE50E57122168F8E0059FB31 /* AnyRepositoryREW.swift */,
				DE50E56D22168F290059FB31 /* AnyRepositoryRW.swift */,
				DEED417D22F185EE002819F3 /* Deletable.swift */,
				DE50E5752216900D0059FB31 /* EditableRepository.swift */,
				DE9DFD452213B10300A94968 /* Injectable.swift */,
				DEED417522F171FD002819F3 /* Readable.swift */,
				DE50E56922168E680059FB31 /* ReadableRepository.swift */,
				DE79466D221A5540009AD45D /* RepositoryError.swift */,
				DEED417B22F17FE4002819F3 /* Settable.swift */,
				DE50E55E221660070059FB31 /* Storyboardable.swift */,
				DE50E57322168FF10059FB31 /* WritableRepository.swift */,
			);
			path = protocol;
			sourceTree = "<group>";
		};
		DE50E56522168D3A0059FB31 /* Core */ = {
			isa = PBXGroup;
			children = (
				DE9DFD492213B10300A94968 /* Array+Equtable.swift */,
				DE9DFD4E2213B10400A94968 /* Calendar.swift */,
				DE9DFD462213B10300A94968 /* DateFormatter.swift */,
				DE9DFD472213B10300A94968 /* Either.swift */,
				DE9DFD532213B10400A94968 /* JSONDecoder+String.swift */,
				DE9DFD542213B10400A94968 /* Locale.swift */,
				DE9DFD502213B10400A94968 /* NSObject+ClassName.swift */,
				DE9DFD482213B10300A94968 /* NumberFormatter+NumberStyle.swift */,
				DE9DFD4F2213B10400A94968 /* Sequence+Decodable.swift */,
				DE9DFD522213B10400A94968 /* Sequence+Equatable.swift */,
				DE9DFD4D2213B10300A94968 /* String.swift */,
				DE9DFD432213B10300A94968 /* TimeZone.swift */,
				DE9DFD4C2213B10300A94968 /* URLComponents.swift */,
			);
			path = Core;
			sourceTree = "<group>";
		};
		DE50E56622168D430059FB31 /* UIKit */ = {
			isa = PBXGroup;
			children = (
				DE9DFD4A2213B10300A94968 /* UIApplication+URLScheme.swift */,
				DE9DFD4B2213B10300A94968 /* UIColor.swift */,
				DE9DFD442213B10300A94968 /* UIImage.swift */,
				DE9DFD512213B10400A94968 /* XibView.swift */,
				DEED417122F165EC002819F3 /* UICollectionView.swift */,
				DEED417322F16670002819F3 /* UITableView.swift */,
			);
			path = UIKit;
			sourceTree = "<group>";
		};
		DE50E56722168D9C0059FB31 /* Core */ = {
			isa = PBXGroup;
			children = (
				DE90D27C2215044D006F6552 /* Array+EqutableTests.swift */,
				DE90D28622152CF4006F6552 /* CalendarTests.swift */,
				DE90D27E22150F48006F6552 /* DateFormatterTests.swift */,
				DE90D2802215281E006F6552 /* EitherTests.swift */,
				DE90D28222152987006F6552 /* JSONDecoder+StringTests.swift */,
				DE90D28422152C24006F6552 /* LocaleTests.swift */,
				DE90D28822152D68006F6552 /* NSObject+ClassNameTests.swift */,
				DE90D28A22152EC2006F6552 /* NumberFormatter+NumberStyleTests.swift */,
				DE90D28C2215334A006F6552 /* Sequence+DecodableTests.swift */,
				DE90D27A22150261006F6552 /* Sequence+EquatableTests.swift */,
				DE50E556221651980059FB31 /* StringTests.swift */,
				DE50E5582216528F0059FB31 /* TimeZoneTests.swift */,
				DE50E55A221654570059FB31 /* URLComponentsTests.swift */,
			);
			path = Core;
			sourceTree = "<group>";
		};
		DE50E56822168DD10059FB31 /* UIKit */ = {
			isa = PBXGroup;
			children = (
				DE50E55C22165B290059FB31 /* UIColor+initializerTests.swift */,
			);
			path = UIKit;
			sourceTree = "<group>";
		};
		DE9DFD1F2213B0BB00A94968 = {
			isa = PBXGroup;
			children = (
				DE0DC1C72228C41900B2958B /* README.md */,
				DE9DFD2B2213B0BB00A94968 /* i3designKit */,
				DE9DFD362213B0BB00A94968 /* i3designKitTests */,
				DE9DFD2A2213B0BB00A94968 /* Products */,
				DE50E56122166AF10059FB31 /* Frameworks */,
			);
			sourceTree = "<group>";
		};
		DE9DFD2A2213B0BB00A94968 /* Products */ = {
			isa = PBXGroup;
			children = (
				DE9DFD292213B0BB00A94968 /* i3designKit.framework */,
				DE9DFD322213B0BB00A94968 /* i3designKitTests.xctest */,
			);
			name = Products;
			sourceTree = "<group>";
		};
		DE9DFD2B2213B0BB00A94968 /* i3designKit */ = {
			isa = PBXGroup;
			children = (
				DE9DFD2C2213B0BB00A94968 /* i3designKit.h */,
				DE9DFD2D2213B0BB00A94968 /* Info.plist */,
				DE50E56522168D3A0059FB31 /* Core */,
				DE50E56422168D1B0059FB31 /* protocol */,
				DE50E56622168D430059FB31 /* UIKit */,
			);
			path = i3designKit;
			sourceTree = "<group>";
		};
		DE9DFD362213B0BB00A94968 /* i3designKitTests */ = {
			isa = PBXGroup;
			children = (
				DE9DFD392213B0BC00A94968 /* Info.plist */,
				DE50E56722168D9C0059FB31 /* Core */,
				DE2A440B2216A9E000474C3D /* protocol */,
				DE50E56822168DD10059FB31 /* UIKit */,
			);
			path = i3designKitTests;
			sourceTree = "<group>";
		};
/* End PBXGroup section */

/* Begin PBXHeadersBuildPhase section */
		DE9DFD242213B0BB00A94968 /* Headers */ = {
			isa = PBXHeadersBuildPhase;
			buildActionMask = 2147483647;
			files = (
				DE9DFD3A2213B0BC00A94968 /* i3designKit.h in Headers */,
			);
			runOnlyForDeploymentPostprocessing = 0;
		};
/* End PBXHeadersBuildPhase section */

/* Begin PBXNativeTarget section */
		DE9DFD282213B0BB00A94968 /* i3designKit */ = {
			isa = PBXNativeTarget;
			buildConfigurationList = DE9DFD3D2213B0BC00A94968 /* Build configuration list for PBXNativeTarget "i3designKit" */;
			buildPhases = (
				DE9DFD242213B0BB00A94968 /* Headers */,
				DE9DFD252213B0BB00A94968 /* Sources */,
				DE9DFD262213B0BB00A94968 /* Frameworks */,
				DE9DFD272213B0BB00A94968 /* Resources */,
			);
			buildRules = (
			);
			dependencies = (
			);
			name = i3designKit;
			packageProductDependencies = (
				BE9FE64B25D8E6E6001A8E55 /* PromiseKit */,
			);
			productName = i3DesignKit;
			productReference = DE9DFD292213B0BB00A94968 /* i3designKit.framework */;
			productType = "com.apple.product-type.framework";
		};
		DE9DFD312213B0BB00A94968 /* i3designKitTests */ = {
			isa = PBXNativeTarget;
			buildConfigurationList = DE9DFD402213B0BC00A94968 /* Build configuration list for PBXNativeTarget "i3designKitTests" */;
			buildPhases = (
				DE9DFD2E2213B0BB00A94968 /* Sources */,
				DE9DFD2F2213B0BB00A94968 /* Frameworks */,
				DE9DFD302213B0BB00A94968 /* Resources */,
				DE2A44092216A5B300474C3D /* CopyFiles */,
			);
			buildRules = (
			);
			dependencies = (
				DE9DFD352213B0BB00A94968 /* PBXTargetDependency */,
			);
			name = i3designKitTests;
			productName = i3DesignKitTests;
			productReference = DE9DFD322213B0BB00A94968 /* i3designKitTests.xctest */;
			productType = "com.apple.product-type.bundle.unit-test";
		};
/* End PBXNativeTarget section */

/* Begin PBXProject section */
		DE9DFD202213B0BB00A94968 /* Project object */ = {
			isa = PBXProject;
			attributes = {
				LastSwiftUpdateCheck = 1010;
				LastUpgradeCheck = 1220;
				ORGANIZATIONNAME = i3DESIGN;
				TargetAttributes = {
					DE9DFD282213B0BB00A94968 = {
						CreatedOnToolsVersion = 10.1;
						LastSwiftMigration = 1020;
					};
					DE9DFD312213B0BB00A94968 = {
						CreatedOnToolsVersion = 10.1;
						LastSwiftMigration = 1020;
					};
				};
			};
			buildConfigurationList = DE9DFD232213B0BB00A94968 /* Build configuration list for PBXProject "i3designKit" */;
			compatibilityVersion = "Xcode 9.3";
			developmentRegion = en;
			hasScannedForEncodings = 0;
			knownRegions = (
				en,
				Base,
			);
			mainGroup = DE9DFD1F2213B0BB00A94968;
			packageReferences = (
				BE9FE64A25D8E6E6001A8E55 /* XCRemoteSwiftPackageReference "PromiseKit" */,
			);
			productRefGroup = DE9DFD2A2213B0BB00A94968 /* Products */;
			projectDirPath = "";
			projectRoot = "";
			targets = (
				DE9DFD282213B0BB00A94968 /* i3designKit */,
				DE9DFD312213B0BB00A94968 /* i3designKitTests */,
			);
		};
/* End PBXProject section */

/* Begin PBXResourcesBuildPhase section */
		DE9DFD272213B0BB00A94968 /* Resources */ = {
			isa = PBXResourcesBuildPhase;
			buildActionMask = 2147483647;
			files = (
				DE0DC1C82228C41900B2958B /* README.md in Resources */,
			);
			runOnlyForDeploymentPostprocessing = 0;
		};
		DE9DFD302213B0BB00A94968 /* Resources */ = {
			isa = PBXResourcesBuildPhase;
			buildActionMask = 2147483647;
			files = (
			);
			runOnlyForDeploymentPostprocessing = 0;
		};
/* End PBXResourcesBuildPhase section */

/* Begin PBXSourcesBuildPhase section */
		DE9DFD252213B0BB00A94968 /* Sources */ = {
			isa = PBXSourcesBuildPhase;
			buildActionMask = 2147483647;
			files = (
				DE9DFD5C2213B10400A94968 /* UIApplication+URLScheme.swift in Sources */,
				DE50E57022168F650059FB31 /* AnyRepositoryRE.swift in Sources */,
				DEED417222F165EC002819F3 /* UICollectionView.swift in Sources */,
				DE50E57422168FF10059FB31 /* WritableRepository.swift in Sources */,
				DE9DFD5F2213B10400A94968 /* String.swift in Sources */,
				DE9DFD582213B10400A94968 /* DateFormatter.swift in Sources */,
				DE50E55F221660070059FB31 /* Storyboardable.swift in Sources */,
				DE9DFD5D2213B10400A94968 /* UIColor.swift in Sources */,
				DE50E56E22168F290059FB31 /* AnyRepositoryRW.swift in Sources */,
				DE9DFD552213B10400A94968 /* TimeZone.swift in Sources */,
				DE9DFD572213B10400A94968 /* Injectable.swift in Sources */,
				DE9DFD562213B10400A94968 /* UIImage.swift in Sources */,
				DEED417E22F185EE002819F3 /* Deletable.swift in Sources */,
				DE9DFD602213B10400A94968 /* Calendar.swift in Sources */,
				DE9DFD612213B10400A94968 /* Sequence+Decodable.swift in Sources */,
				DE9DFD5A2213B10400A94968 /* NumberFormatter+NumberStyle.swift in Sources */,
				DE9DFD5E2213B10400A94968 /* URLComponents.swift in Sources */,
				DE9DFD662213B10400A94968 /* Locale.swift in Sources */,
				DE50E57222168F8E0059FB31 /* AnyRepositoryREW.swift in Sources */,
				DE9DFD642213B10400A94968 /* Sequence+Equatable.swift in Sources */,
				DE9DFD652213B10400A94968 /* JSONDecoder+String.swift in Sources */,
				DE50E56C22168F050059FB31 /* AnyReadableRepository.swift in Sources */,
				DEED417622F171FD002819F3 /* Readable.swift in Sources */,
				DE50E56A22168E680059FB31 /* ReadableRepository.swift in Sources */,
				DEED417422F16670002819F3 /* UITableView.swift in Sources */,
				DE9DFD5B2213B10400A94968 /* Array+Equtable.swift in Sources */,
				DE9DFD592213B10400A94968 /* Either.swift in Sources */,
				DE50E5762216900D0059FB31 /* EditableRepository.swift in Sources */,
				DE9DFD632213B10400A94968 /* XibView.swift in Sources */,
				DE9DFD622213B10400A94968 /* NSObject+ClassName.swift in Sources */,
				DE79466E221A5540009AD45D /* RepositoryError.swift in Sources */,
				DEED417C22F17FE4002819F3 /* Settable.swift in Sources */,
			);
			runOnlyForDeploymentPostprocessing = 0;
		};
		DE9DFD2E2213B0BB00A94968 /* Sources */ = {
			isa = PBXSourcesBuildPhase;
			buildActionMask = 2147483647;
			files = (
				DE2A44112216BA9900474C3D /* KeyObject.swift in Sources */,
				DE90D27F22150F48006F6552 /* DateFormatterTests.swift in Sources */,
				DE90D2812215281E006F6552 /* EitherTests.swift in Sources */,
				DE90D28B22152EC2006F6552 /* NumberFormatter+NumberStyleTests.swift in Sources */,
				DE50E55B221654570059FB31 /* URLComponentsTests.swift in Sources */,
				DE50E55D22165B290059FB31 /* UIColor+initializerTests.swift in Sources */,
				DE50E5592216528F0059FB31 /* TimeZoneTests.swift in Sources */,
				DE90D28722152CF4006F6552 /* CalendarTests.swift in Sources */,
				DE90D28922152D68006F6552 /* NSObject+ClassNameTests.swift in Sources */,
				DE90D27B22150261006F6552 /* Sequence+EquatableTests.swift in Sources */,
				DE2A440F2216AD0400474C3D /* AnyRepositoryRWTests.swift in Sources */,
				DE79466C221A51D2009AD45D /* AnyRepositoryREWTests.swift in Sources */,
				DEED417A22F17FAD002819F3 /* AnySettableTests.swift in Sources */,
				DEED417822F17291002819F3 /* AnyReadableTests.swift in Sources */,
				DE79466A221A476E009AD45D /* AnyRepositoryRETests.swift in Sources */,
				DE90D27D2215044D006F6552 /* Array+EqutableTests.swift in Sources */,
				DE90D28322152987006F6552 /* JSONDecoder+StringTests.swift in Sources */,
				DE2A440D2216A9F100474C3D /* AnyReadableRepositoryTests.swift in Sources */,
				DE90D28D2215334A006F6552 /* Sequence+DecodableTests.swift in Sources */,
				DE50E557221651980059FB31 /* StringTests.swift in Sources */,
				DE90D28522152C24006F6552 /* LocaleTests.swift in Sources */,
				DEED418022F187F5002819F3 /* AnyDeletableTests.swift in Sources */,
			);
			runOnlyForDeploymentPostprocessing = 0;
		};
/* End PBXSourcesBuildPhase section */

/* Begin PBXTargetDependency section */
		DE9DFD352213B0BB00A94968 /* PBXTargetDependency */ = {
			isa = PBXTargetDependency;
			target = DE9DFD282213B0BB00A94968 /* i3designKit */;
			targetProxy = DE9DFD342213B0BB00A94968 /* PBXContainerItemProxy */;
		};
/* End PBXTargetDependency section */

/* Begin XCBuildConfiguration section */
		DE9DFD3B2213B0BC00A94968 /* Debug */ = {
			isa = XCBuildConfiguration;
			buildSettings = {
				ALWAYS_SEARCH_USER_PATHS = NO;
				CLANG_ANALYZER_NONNULL = YES;
				CLANG_ANALYZER_NUMBER_OBJECT_CONVERSION = YES_AGGRESSIVE;
				CLANG_CXX_LANGUAGE_STANDARD = "gnu++14";
				CLANG_CXX_LIBRARY = "libc++";
				CLANG_ENABLE_MODULES = YES;
				CLANG_ENABLE_OBJC_ARC = YES;
				CLANG_ENABLE_OBJC_WEAK = YES;
				CLANG_WARN_BLOCK_CAPTURE_AUTORELEASING = YES;
				CLANG_WARN_BOOL_CONVERSION = YES;
				CLANG_WARN_COMMA = YES;
				CLANG_WARN_CONSTANT_CONVERSION = YES;
				CLANG_WARN_DEPRECATED_OBJC_IMPLEMENTATIONS = YES;
				CLANG_WARN_DIRECT_OBJC_ISA_USAGE = YES_ERROR;
				CLANG_WARN_DOCUMENTATION_COMMENTS = YES;
				CLANG_WARN_EMPTY_BODY = YES;
				CLANG_WARN_ENUM_CONVERSION = YES;
				CLANG_WARN_INFINITE_RECURSION = YES;
				CLANG_WARN_INT_CONVERSION = YES;
				CLANG_WARN_NON_LITERAL_NULL_CONVERSION = YES;
				CLANG_WARN_OBJC_IMPLICIT_RETAIN_SELF = YES;
				CLANG_WARN_OBJC_LITERAL_CONVERSION = YES;
				CLANG_WARN_OBJC_ROOT_CLASS = YES_ERROR;
				CLANG_WARN_QUOTED_INCLUDE_IN_FRAMEWORK_HEADER = YES;
				CLANG_WARN_RANGE_LOOP_ANALYSIS = YES;
				CLANG_WARN_STRICT_PROTOTYPES = YES;
				CLANG_WARN_SUSPICIOUS_MOVE = YES;
				CLANG_WARN_UNGUARDED_AVAILABILITY = YES_AGGRESSIVE;
				CLANG_WARN_UNREACHABLE_CODE = YES;
				CLANG_WARN__DUPLICATE_METHOD_MATCH = YES;
				CODE_SIGN_IDENTITY = "iPhone Developer";
				COPY_PHASE_STRIP = NO;
				CURRENT_PROJECT_VERSION = 1;
				DEBUG_INFORMATION_FORMAT = dwarf;
				ENABLE_STRICT_OBJC_MSGSEND = YES;
				ENABLE_TESTABILITY = YES;
				GCC_C_LANGUAGE_STANDARD = gnu11;
				GCC_DYNAMIC_NO_PIC = NO;
				GCC_NO_COMMON_BLOCKS = YES;
				GCC_OPTIMIZATION_LEVEL = 0;
				GCC_PREPROCESSOR_DEFINITIONS = (
					"DEBUG=1",
					"$(inherited)",
				);
				GCC_WARN_64_TO_32_BIT_CONVERSION = YES;
				GCC_WARN_ABOUT_RETURN_TYPE = YES_ERROR;
				GCC_WARN_UNDECLARED_SELECTOR = YES;
				GCC_WARN_UNINITIALIZED_AUTOS = YES_AGGRESSIVE;
				GCC_WARN_UNUSED_FUNCTION = YES;
				GCC_WARN_UNUSED_VARIABLE = YES;
				IPHONEOS_DEPLOYMENT_TARGET = 12.0;
				MTL_ENABLE_DEBUG_INFO = INCLUDE_SOURCE;
				MTL_FAST_MATH = YES;
				ONLY_ACTIVE_ARCH = YES;
				SDKROOT = iphoneos;
				SWIFT_ACTIVE_COMPILATION_CONDITIONS = DEBUG;
				SWIFT_OPTIMIZATION_LEVEL = "-Onone";
				VERSIONING_SYSTEM = "apple-generic";
				VERSION_INFO_PREFIX = "";
			};
			name = Debug;
		};
		DE9DFD3C2213B0BC00A94968 /* Release */ = {
			isa = XCBuildConfiguration;
			buildSettings = {
				ALWAYS_SEARCH_USER_PATHS = NO;
				CLANG_ANALYZER_NONNULL = YES;
				CLANG_ANALYZER_NUMBER_OBJECT_CONVERSION = YES_AGGRESSIVE;
				CLANG_CXX_LANGUAGE_STANDARD = "gnu++14";
				CLANG_CXX_LIBRARY = "libc++";
				CLANG_ENABLE_MODULES = YES;
				CLANG_ENABLE_OBJC_ARC = YES;
				CLANG_ENABLE_OBJC_WEAK = YES;
				CLANG_WARN_BLOCK_CAPTURE_AUTORELEASING = YES;
				CLANG_WARN_BOOL_CONVERSION = YES;
				CLANG_WARN_COMMA = YES;
				CLANG_WARN_CONSTANT_CONVERSION = YES;
				CLANG_WARN_DEPRECATED_OBJC_IMPLEMENTATIONS = YES;
				CLANG_WARN_DIRECT_OBJC_ISA_USAGE = YES_ERROR;
				CLANG_WARN_DOCUMENTATION_COMMENTS = YES;
				CLANG_WARN_EMPTY_BODY = YES;
				CLANG_WARN_ENUM_CONVERSION = YES;
				CLANG_WARN_INFINITE_RECURSION = YES;
				CLANG_WARN_INT_CONVERSION = YES;
				CLANG_WARN_NON_LITERAL_NULL_CONVERSION = YES;
				CLANG_WARN_OBJC_IMPLICIT_RETAIN_SELF = YES;
				CLANG_WARN_OBJC_LITERAL_CONVERSION = YES;
				CLANG_WARN_OBJC_ROOT_CLASS = YES_ERROR;
				CLANG_WARN_QUOTED_INCLUDE_IN_FRAMEWORK_HEADER = YES;
				CLANG_WARN_RANGE_LOOP_ANALYSIS = YES;
				CLANG_WARN_STRICT_PROTOTYPES = YES;
				CLANG_WARN_SUSPICIOUS_MOVE = YES;
				CLANG_WARN_UNGUARDED_AVAILABILITY = YES_AGGRESSIVE;
				CLANG_WARN_UNREACHABLE_CODE = YES;
				CLANG_WARN__DUPLICATE_METHOD_MATCH = YES;
				CODE_SIGN_IDENTITY = "iPhone Developer";
				COPY_PHASE_STRIP = NO;
				CURRENT_PROJECT_VERSION = 1;
				DEBUG_INFORMATION_FORMAT = "dwarf-with-dsym";
				ENABLE_NS_ASSERTIONS = NO;
				ENABLE_STRICT_OBJC_MSGSEND = YES;
				GCC_C_LANGUAGE_STANDARD = gnu11;
				GCC_NO_COMMON_BLOCKS = YES;
				GCC_WARN_64_TO_32_BIT_CONVERSION = YES;
				GCC_WARN_ABOUT_RETURN_TYPE = YES_ERROR;
				GCC_WARN_UNDECLARED_SELECTOR = YES;
				GCC_WARN_UNINITIALIZED_AUTOS = YES_AGGRESSIVE;
				GCC_WARN_UNUSED_FUNCTION = YES;
				GCC_WARN_UNUSED_VARIABLE = YES;
				IPHONEOS_DEPLOYMENT_TARGET = 12.0;
				MTL_ENABLE_DEBUG_INFO = NO;
				MTL_FAST_MATH = YES;
				SDKROOT = iphoneos;
				SWIFT_COMPILATION_MODE = wholemodule;
				SWIFT_OPTIMIZATION_LEVEL = "-O";
				VALIDATE_PRODUCT = YES;
				VERSIONING_SYSTEM = "apple-generic";
				VERSION_INFO_PREFIX = "";
			};
			name = Release;
		};
		DE9DFD3E2213B0BC00A94968 /* Debug */ = {
			isa = XCBuildConfiguration;
			buildSettings = {
				CLANG_ENABLE_MODULES = YES;
				CODE_SIGN_IDENTITY = "";
				CODE_SIGN_STYLE = Automatic;
				DEFINES_MODULE = YES;
				DYLIB_COMPATIBILITY_VERSION = 1;
				DYLIB_CURRENT_VERSION = 1;
				DYLIB_INSTALL_NAME_BASE = "@rpath";
				FRAMEWORK_SEARCH_PATHS = (
					"$(inherited)",
					"$(PROJECT_DIR)/Carthage/Build/iOS",
				);
				INFOPLIST_FILE = i3designKit/Info.plist;
				INSTALL_PATH = "$(LOCAL_LIBRARY_DIR)/Frameworks";
				LD_RUNPATH_SEARCH_PATHS = (
					"$(inherited)",
					"@executable_path/Frameworks",
					"@loader_path/Frameworks",
				);
				PRODUCT_BUNDLE_IDENTIFIER = i3design.i3designKit;
				PRODUCT_NAME = "$(TARGET_NAME:c99extidentifier)";
				SKIP_INSTALL = YES;
				SWIFT_OPTIMIZATION_LEVEL = "-Onone";
				SWIFT_VERSION = 4.2;
				TARGETED_DEVICE_FAMILY = "1,2";
			};
			name = Debug;
		};
		DE9DFD3F2213B0BC00A94968 /* Release */ = {
			isa = XCBuildConfiguration;
			buildSettings = {
				CLANG_ENABLE_MODULES = YES;
				CODE_SIGN_IDENTITY = "";
				CODE_SIGN_STYLE = Automatic;
				DEFINES_MODULE = YES;
				DYLIB_COMPATIBILITY_VERSION = 1;
				DYLIB_CURRENT_VERSION = 1;
				DYLIB_INSTALL_NAME_BASE = "@rpath";
				FRAMEWORK_SEARCH_PATHS = (
					"$(inherited)",
					"$(PROJECT_DIR)/Carthage/Build/iOS",
				);
				INFOPLIST_FILE = i3designKit/Info.plist;
				INSTALL_PATH = "$(LOCAL_LIBRARY_DIR)/Frameworks";
				LD_RUNPATH_SEARCH_PATHS = (
					"$(inherited)",
					"@executable_path/Frameworks",
					"@loader_path/Frameworks",
				);
				PRODUCT_BUNDLE_IDENTIFIER = i3design.i3designKit;
				PRODUCT_NAME = "$(TARGET_NAME:c99extidentifier)";
				SKIP_INSTALL = YES;
				SWIFT_VERSION = 4.2;
				TARGETED_DEVICE_FAMILY = "1,2";
			};
			name = Release;
		};
		DE9DFD412213B0BC00A94968 /* Debug */ = {
			isa = XCBuildConfiguration;
			buildSettings = {
				ALWAYS_EMBED_SWIFT_STANDARD_LIBRARIES = YES;
				CODE_SIGN_STYLE = Automatic;
				FRAMEWORK_SEARCH_PATHS = (
					"$(inherited)",
					"$(PROJECT_DIR)/Carthage/Build/iOS",
				);
				INFOPLIST_FILE = i3designKitTests/Info.plist;
				LD_RUNPATH_SEARCH_PATHS = (
					"$(inherited)",
					"@executable_path/Frameworks",
					"@loader_path/Frameworks",
				);
				PRODUCT_BUNDLE_IDENTIFIER = i3Design.i3DesignKitTests;
				PRODUCT_NAME = "$(TARGET_NAME)";
				SWIFT_VERSION = 4.2;
				TARGETED_DEVICE_FAMILY = "1,2";
			};
			name = Debug;
		};
		DE9DFD422213B0BC00A94968 /* Release */ = {
			isa = XCBuildConfiguration;
			buildSettings = {
				ALWAYS_EMBED_SWIFT_STANDARD_LIBRARIES = YES;
				CODE_SIGN_STYLE = Automatic;
				FRAMEWORK_SEARCH_PATHS = (
					"$(inherited)",
					"$(PROJECT_DIR)/Carthage/Build/iOS",
				);
				INFOPLIST_FILE = i3designKitTests/Info.plist;
				LD_RUNPATH_SEARCH_PATHS = (
					"$(inherited)",
					"@executable_path/Frameworks",
					"@loader_path/Frameworks",
				);
				PRODUCT_BUNDLE_IDENTIFIER = i3Design.i3DesignKitTests;
				PRODUCT_NAME = "$(TARGET_NAME)";
				SWIFT_VERSION = 4.2;
				TARGETED_DEVICE_FAMILY = "1,2";
			};
			name = Release;
		};
/* End XCBuildConfiguration section */

/* Begin XCConfigurationList section */
		DE9DFD232213B0BB00A94968 /* Build configuration list for PBXProject "i3designKit" */ = {
			isa = XCConfigurationList;
			buildConfigurations = (
				DE9DFD3B2213B0BC00A94968 /* Debug */,
				DE9DFD3C2213B0BC00A94968 /* Release */,
			);
			defaultConfigurationIsVisible = 0;
			defaultConfigurationName = Release;
		};
		DE9DFD3D2213B0BC00A94968 /* Build configuration list for PBXNativeTarget "i3designKit" */ = {
			isa = XCConfigurationList;
			buildConfigurations = (
				DE9DFD3E2213B0BC00A94968 /* Debug */,
				DE9DFD3F2213B0BC00A94968 /* Release */,
			);
			defaultConfigurationIsVisible = 0;
			defaultConfigurationName = Release;
		};
		DE9DFD402213B0BC00A94968 /* Build configuration list for PBXNativeTarget "i3designKitTests" */ = {
			isa = XCConfigurationList;
			buildConfigurations = (
				DE9DFD412213B0BC00A94968 /* Debug */,
				DE9DFD422213B0BC00A94968 /* Release */,
			);
			defaultConfigurationIsVisible = 0;
			defaultConfigurationName = Release;
		};
/* End XCConfigurationList section */

/* Begin XCRemoteSwiftPackageReference section */
		BE9FE64A25D8E6E6001A8E55 /* XCRemoteSwiftPackageReference "PromiseKit" */ = {
			isa = XCRemoteSwiftPackageReference;
			repositoryURL = "https://github.com/mxcl/PromiseKit.git";
			requirement = {
				kind = upToNextMajorVersion;
				minimumVersion = 6.8.4;
			};
		};
/* End XCRemoteSwiftPackageReference section */

/* Begin XCSwiftPackageProductDependency section */
		BE9FE64B25D8E6E6001A8E55 /* PromiseKit */ = {
			isa = XCSwiftPackageProductDependency;
			package = BE9FE64A25D8E6E6001A8E55 /* XCRemoteSwiftPackageReference "PromiseKit" */;
			productName = PromiseKit;
		};
/* End XCSwiftPackageProductDependency section */
	};
	rootObject = DE9DFD202213B0BB00A94968 /* Project object */;
}
